
Microsoft Visual Studio Solution File, Format Version 12.00
# Visual Studio Version 16
VisualStudioVersion = 16.0.29306.81
MinimumVisualStudioVersion = 10.0.40219.1
Project("{FAE04EC0-301F-11D3-BF4B-00C04F79EFBC}") = "IRPF", "IRPF\IRPF.csproj", "{56879843-040F-4352-A380-1E3D58D3358B}"
EndProject
Global
	GlobalSection(SolutionConfigurationPlatforms) = preSolution
		Debug|Any CPU = Debug|Any CPU
		Release|Any CPU = Release|Any CPU
	EndGlobalSection
	GlobalSection(ProjectConfigurationPlatforms) = postSolution
		{56879843-040F-4352-A380-1E3D58D3358B}.Debug|Any CPU.ActiveCfg = Debug|Any CPU
		{56879843-040F-4352-A380-1E3D58D3358B}.Debug|Any CPU.Build.0 = Debug|Any CPU
		{56879843-040F-4352-A380-1E3D58D3358B}.Release|Any CPU.ActiveCfg = Release|Any CPU
		{56879843-040F-4352-A380-1E3D58D3358B}.Release|Any CPU.Build.0 = Release|Any CPU
	EndGlobalSection
	GlobalSection(SolutionProperties) = preSolution
		HideSolutionNode = FALSE
	EndGlobalSection
	GlobalSection(ExtensibilityGlobals) = postSolution
		SolutionGuid = {49F39C71-3C54-4BAB-92D9-D1F58ED9DE9D}
	EndGlobalSection
EndGlobal
